
Microsoft Visual Studio Solution File, Format Version 12.00
# Visual Studio Version 16
VisualStudioVersion = 16.0.31112.23
MinimumVisualStudioVersion = 10.0.40219.1
Project("{FAE04EC0-301F-11D3-BF4B-00C04F79EFBC}") = "Booking", "Booking\Booking.csproj", "{54B8C55A-E1FE-4399-AB55-614DCC6F984D}"
EndProject
Global
	GlobalSection(SolutionConfigurationPlatforms) = preSolution
		Debug|Any CPU = Debug|Any CPU
		Release|Any CPU = Release|Any CPU
	EndGlobalSection
	GlobalSection(ProjectConfigurationPlatforms) = postSolution
		{54B8C55A-E1FE-4399-AB55-614DCC6F984D}.Debug|Any CPU.ActiveCfg = Debug|Any CPU
		{54B8C55A-E1FE-4399-AB55-614DCC6F984D}.Debug|Any CPU.Build.0 = Debug|Any CPU
		{54B8C55A-E1FE-4399-AB55-614DCC6F984D}.Release|Any CPU.ActiveCfg = Release|Any CPU
		{54B8C55A-E1FE-4399-AB55-614DCC6F984D}.Release|Any CPU.Build.0 = Release|Any CPU
	EndGlobalSection
	GlobalSection(SolutionProperties) = preSolution
		HideSolutionNode = FALSE
	EndGlobalSection
	GlobalSection(ExtensibilityGlobals) = postSolution
		SolutionGuid = {DB93454D-8D9E-43DE-8A6B-704A150FC25C}
	EndGlobalSection
EndGlobal
